
Microsoft Visual Studio Solution File, Format Version 12.00
# Visual Studio 15
VisualStudioVersion = 15.0.27019.1
MinimumVisualStudioVersion = 10.0.40219.1
Project("{FAE04EC0-301F-11D3-BF4B-00C04F79EFBC}") = "fullframeworklibrary", "fullframeworklibrary\fullframeworklibrary.csproj", "{2F289B9B-10DE-4156-A325-0324B44407E6}"
EndProject
Project("{FAE04EC0-301F-11D3-BF4B-00C04F79EFBC}") = "netcoreapp", "netcoreapp\netcoreapp.csproj", "{509BC6BB-6C67-45D3-9979-0C7F3883F316}"
EndProject
Global
	GlobalSection(SolutionConfigurationPlatforms) = preSolution
		Debug|Any CPU = Debug|Any CPU
		Release|Any CPU = Release|Any CPU
	EndGlobalSection
	GlobalSection(ProjectConfigurationPlatforms) = postSolution
		{2F289B9B-10DE-4156-A325-0324B44407E6}.Debug|Any CPU.ActiveCfg = Debug|Any CPU
		{2F289B9B-10DE-4156-A325-0324B44407E6}.Debug|Any CPU.Build.0 = Debug|Any CPU
		{2F289B9B-10DE-4156-A325-0324B44407E6}.Release|Any CPU.ActiveCfg = Release|Any CPU
		{2F289B9B-10DE-4156-A325-0324B44407E6}.Release|Any CPU.Build.0 = Release|Any CPU
		{509BC6BB-6C67-45D3-9979-0C7F3883F316}.Debug|Any CPU.ActiveCfg = Debug|Any CPU
		{509BC6BB-6C67-45D3-9979-0C7F3883F316}.Debug|Any CPU.Build.0 = Debug|Any CPU
		{509BC6BB-6C67-45D3-9979-0C7F3883F316}.Release|Any CPU.ActiveCfg = Release|Any CPU
		{509BC6BB-6C67-45D3-9979-0C7F3883F316}.Release|Any CPU.Build.0 = Release|Any CPU
	EndGlobalSection
	GlobalSection(SolutionProperties) = preSolution
		HideSolutionNode = FALSE
	EndGlobalSection
	GlobalSection(ExtensibilityGlobals) = postSolution
		SolutionGuid = {537D5636-38EF-4359-9143-B6CC3C6EC7D0}
	EndGlobalSection
EndGlobal
